
Microsoft Visual Studio Solution File, Format Version 12.00
# Visual Studio Version 16
VisualStudioVersion = 25.0.1704.3
MinimumVisualStudioVersion = 10.0.40219.1
Project("{FAE04EC0-301F-11D3-BF4B-00C04F79EFBC}") = "SchedulePlatform.Data", "SchedulePlatform.Data\SchedulePlatform.Data.csproj", "{9EB47433-14C0-44FD-AD10-BE3757317660}"
EndProject
Project("{FAE04EC0-301F-11D3-BF4B-00C04F79EFBC}") = "SchedulePlatform.Service", "SchedulePlatform.Service\SchedulePlatform.Service.csproj", "{02D3BCEA-D1F2-479E-BDD6-1677B0323BEB}"
EndProject
Project("{FAE04EC0-301F-11D3-BF4B-00C04F79EFBC}") = "SchedulePlatform.Models", "SchedulePlatform.Models\SchedulePlatform.Models.csproj", "{9AAE32CA-2F6D-4232-A9AF-0EA59CA1D9CD}"
EndProject
Project("{FAE04EC0-301F-11D3-BF4B-00C04F79EFBC}") = "SchedulePlatform.Api", "SchedulePlatform.Api\SchedulePlatform.Api.csproj", "{B29D9CEF-6AE1-405A-8A85-218D6A9D3D52}"
EndProject
Project("{FAE04EC0-301F-11D3-BF4B-00C04F79EFBC}") = "SchedulePlatform.WebUI", "SchedulePlatform.WebUI\SchedulePlatform.WebUI.csproj", "{6795D4D3-D198-4A09-8997-B8DB54816AA0}"
EndProject
Project("{FAE04EC0-301F-11D3-BF4B-00C04F79EFBC}") = "SchedulePlatform.Shared", "SchedulePlatform.Shared\SchedulePlatform.Shared.csproj", "{742F000A-A495-4019-8188-7CD9933AC41F}"
EndProject
Global
	GlobalSection(SolutionConfigurationPlatforms) = preSolution
		Debug|Any CPU = Debug|Any CPU
		Release|Any CPU = Release|Any CPU
	EndGlobalSection
	GlobalSection(ProjectConfigurationPlatforms) = postSolution
		{9EB47433-14C0-44FD-AD10-BE3757317660}.Debug|Any CPU.ActiveCfg = Debug|Any CPU
		{9EB47433-14C0-44FD-AD10-BE3757317660}.Debug|Any CPU.Build.0 = Debug|Any CPU
		{9EB47433-14C0-44FD-AD10-BE3757317660}.Release|Any CPU.ActiveCfg = Release|Any CPU
		{9EB47433-14C0-44FD-AD10-BE3757317660}.Release|Any CPU.Build.0 = Release|Any CPU
		{02D3BCEA-D1F2-479E-BDD6-1677B0323BEB}.Debug|Any CPU.ActiveCfg = Debug|Any CPU
		{02D3BCEA-D1F2-479E-BDD6-1677B0323BEB}.Debug|Any CPU.Build.0 = Debug|Any CPU
		{02D3BCEA-D1F2-479E-BDD6-1677B0323BEB}.Release|Any CPU.ActiveCfg = Release|Any CPU
		{02D3BCEA-D1F2-479E-BDD6-1677B0323BEB}.Release|Any CPU.Build.0 = Release|Any CPU
		{9AAE32CA-2F6D-4232-A9AF-0EA59CA1D9CD}.Debug|Any CPU.ActiveCfg = Debug|Any CPU
		{9AAE32CA-2F6D-4232-A9AF-0EA59CA1D9CD}.Debug|Any CPU.Build.0 = Debug|Any CPU
		{9AAE32CA-2F6D-4232-A9AF-0EA59CA1D9CD}.Release|Any CPU.ActiveCfg = Release|Any CPU
		{9AAE32CA-2F6D-4232-A9AF-0EA59CA1D9CD}.Release|Any CPU.Build.0 = Release|Any CPU
		{B29D9CEF-6AE1-405A-8A85-218D6A9D3D52}.Debug|Any CPU.ActiveCfg = Debug|Any CPU
		{B29D9CEF-6AE1-405A-8A85-218D6A9D3D52}.Debug|Any CPU.Build.0 = Debug|Any CPU
		{B29D9CEF-6AE1-405A-8A85-218D6A9D3D52}.Release|Any CPU.ActiveCfg = Release|Any CPU
		{B29D9CEF-6AE1-405A-8A85-218D6A9D3D52}.Release|Any CPU.Build.0 = Release|Any CPU
		{6795D4D3-D198-4A09-8997-B8DB54816AA0}.Debug|Any CPU.ActiveCfg = Debug|Any CPU
		{6795D4D3-D198-4A09-8997-B8DB54816AA0}.Debug|Any CPU.Build.0 = Debug|Any CPU
		{6795D4D3-D198-4A09-8997-B8DB54816AA0}.Release|Any CPU.ActiveCfg = Release|Any CPU
		{6795D4D3-D198-4A09-8997-B8DB54816AA0}.Release|Any CPU.Build.0 = Release|Any CPU
		{742F000A-A495-4019-8188-7CD9933AC41F}.Debug|Any CPU.ActiveCfg = Debug|Any CPU
		{742F000A-A495-4019-8188-7CD9933AC41F}.Debug|Any CPU.Build.0 = Debug|Any CPU
		{742F000A-A495-4019-8188-7CD9933AC41F}.Release|Any CPU.ActiveCfg = Release|Any CPU
		{742F000A-A495-4019-8188-7CD9933AC41F}.Release|Any CPU.Build.0 = Release|Any CPU
	EndGlobalSection
	GlobalSection(SolutionProperties) = preSolution
		HideSolutionNode = FALSE
	EndGlobalSection
	GlobalSection(ExtensibilityGlobals) = postSolution
		SolutionGuid = {11E04CAF-8CE8-44B1-9527-AB782BC13249}
	EndGlobalSection
EndGlobal
